
Microsoft Visual Studio Solution File, Format Version 12.00
# Visual Studio Version 16
VisualStudioVersion = 16.0.30611.23
MinimumVisualStudioVersion = 10.0.40219.1
Project("{FAE04EC0-301F-11D3-BF4B-00C04F79EFBC}") = "goddamnedsnakes", "goddamnedsnakes.csproj", "{BDE05B01-00C3-4A1F-BD0F-FB69B1CB621A}"
EndProject
Global
	GlobalSection(SolutionConfigurationPlatforms) = preSolution
		Debug|Any CPU = Debug|Any CPU
		Release|Any CPU = Release|Any CPU
	EndGlobalSection
	GlobalSection(ProjectConfigurationPlatforms) = postSolution
		{BDE05B01-00C3-4A1F-BD0F-FB69B1CB621A}.Debug|Any CPU.ActiveCfg = Debug|Any CPU
		{BDE05B01-00C3-4A1F-BD0F-FB69B1CB621A}.Debug|Any CPU.Build.0 = Debug|Any CPU
		{BDE05B01-00C3-4A1F-BD0F-FB69B1CB621A}.Release|Any CPU.ActiveCfg = Release|Any CPU
		{BDE05B01-00C3-4A1F-BD0F-FB69B1CB621A}.Release|Any CPU.Build.0 = Release|Any CPU
	EndGlobalSection
	GlobalSection(SolutionProperties) = preSolution
		HideSolutionNode = FALSE
	EndGlobalSection
	GlobalSection(ExtensibilityGlobals) = postSolution
		SolutionGuid = {3B156B79-F719-48C2-AB70-9E391A065E96}
	EndGlobalSection
EndGlobal
